{
  "name": "functions",
  "lockfileVersion": 3,
  "requires": true,
  "packages": {
    "": {
      "dependencies": {
        "akc-functions": "file:.."
      }
    },
    "..": {
      "name": "akc-functions",
      "dependencies": {
        "ethers": "^6.15.0",
        "firebase-admin": "^11.11.1",
        "firebase-functions": "^4.5.0",
        "siwe": "^3.0.0"
      },
      "devDependencies": {
        "typescript": "^5.4.0"
      },
      "engines": {
        "node": "18"
      }
    },
    "node_modules/akc-functions": {
      "resolved": "..",
      "link": true
    }
  }
}
